// !$*UTF8*$!
{
	archiveVersion = 1;
	classes = {
	};
	objectVersion = 46;
	objects = {

/* Begin PBXBuildFile section */
		EE7DD38C19CCDA03004778F5 /* AppDelegate.swift in Sources */ = {isa = PBXBuildFile; fileRef = EE7DD38B19CCDA03004778F5 /* AppDelegate.swift */; };
		EE7DD38E19CCDA03004778F5 /* ViewController.swift in Sources */ = {isa = PBXBuildFile; fileRef = EE7DD38D19CCDA03004778F5 /* ViewController.swift */; };
		EE7DD39119CCDA03004778F5 /* Main.storyboard in Resources */ = {isa = PBXBuildFile; fileRef = EE7DD38F19CCDA03004778F5 /* Main.storyboard */; };
		EE7DD39319CCDA03004778F5 /* Images.xcassets in Resources */ = {isa = PBXBuildFile; fileRef = EE7DD39219CCDA03004778F5 /* Images.xcassets */; };
		EE7DD39619CCDA03004778F5 /* LaunchScreen.xib in Resources */ = {isa = PBXBuildFile; fileRef = EE7DD39419CCDA03004778F5 /* LaunchScreen.xib */; };
		EE7DD3A219CCDA04004778F5 /* PostcardTests.swift in Sources */ = {isa = PBXBuildFile; fileRef = EE7DD3A119CCDA04004778F5 /* PostcardTests.swift */; };
/* End PBXBuildFile section */

/* Begin PBXContainerItemProxy section */
		EE7DD39C19CCDA04004778F5 /* PBXContainerItemProxy */ = {
			isa = PBXContainerItemProxy;
			containerPortal = EE7DD37E19CCDA03004778F5 /* Project object */;
			proxyType = 1;
			remoteGlobalIDString = EE7DD38519CCDA03004778F5;
			remoteInfo = Postcard;
		};
/* End PBXContainerItemProxy section */

/* Begin PBXFileReference section */
		EE7DD38619CCDA03004778F5 /* Postcard.app */ = {isa = PBXFileReference; explicitFileType = wrapper.application; includeInIndex = 0; path = Postcard.app; sourceTree = BUILT_PRODUCTS_DIR; };
		EE7DD38A19CCDA03004778F5 /* Info.plist */ = {isa = PBXFileReference; lastKnownFileType = text.plist.xml; path = Info.plist; sourceTree = "<group>"; };
		EE7DD38B19CCDA03004778F5 /* AppDelegate.swift */ = {isa = PBXFileReference; lastKnownFileType = sourcecode.swift; path = AppDelegate.swift; sourceTree = "<group>"; };
		EE7DD38D19CCDA03004778F5 /* ViewController.swift */ = {isa = PBXFileReference; lastKnownFileType = sourcecode.swift; path = ViewController.swift; sourceTree = "<group>"; };
		EE7DD39019CCDA03004778F5 /* Base */ = {isa = PBXFileReference; lastKnownFileType = file.storyboard; name = Base; path = Base.lproj/Main.storyboard; sourceTree = "<group>"; };
		EE7DD39219CCDA03004778F5 /* Images.xcassets */ = {isa = PBXFileReference; lastKnownFileType = folder.assetcatalog; path = Images.xcassets; sourceTree = "<group>"; };
		EE7DD39519CCDA03004778F5 /* Base */ = {isa = PBXFileReference; lastKnownFileType = file.xib; name = Base; path = Base.lproj/LaunchScreen.xib; sourceTree = "<group>"; };
		EE7DD39B19CCDA03004778F5 /* PostcardTests.xctest */ = {isa = PBXFileReference; explicitFileType = wrapper.cfbundle; includeInIndex = 0; path = PostcardTests.xctest; sourceTree = BUILT_PRODUCTS_DIR; };
		EE7DD3A019CCDA04004778F5 /* Info.plist */ = {isa = PBXFileReference; lastKnownFileType = text.plist.xml; path = Info.plist; sourceTree = "<group>"; };
		EE7DD3A119CCDA04004778F5 /* PostcardTests.swift */ = {isa = PBXFileReference; lastKnownFileType = sourcecode.swift; path = PostcardTests.swift; sourceTree = "<group>"; };
/* End PBXFileReference section */

/* Begin PBXFrameworksBuildPhase section */
		EE7DD38319CCDA03004778F5 /* Frameworks */ = {
			isa = PBXFrameworksBuildPhase;
			buildActionMask = 2147483647;
			files = (
			);
			runOnlyForDeploymentPostprocessing = 0;
		};
		EE7DD39819CCDA03004778F5 /* Frameworks */ = {
			isa = PBXFrameworksBuildPhase;
			buildActionMask = 2147483647;
			files = (
			);
			runOnlyForDeploymentPostprocessing = 0;
		};
/* End PBXFrameworksBuildPhase section */

/* Begin PBXGroup section */
		EE7DD37D19CCDA03004778F5 = {
			isa = PBXGroup;
			children = (
				EE7DD38819CCDA03004778F5 /* Postcard */,
				EE7DD39E19CCDA04004778F5 /* PostcardTests */,
				EE7DD38719CCDA03004778F5 /* Products */,
			);
			sourceTree = "<group>";
		};
		EE7DD38719CCDA03004778F5 /* Products */ = {
			isa = PBXGroup;
			children = (
				EE7DD38619CCDA03004778F5 /* Postcard.app */,
				EE7DD39B19CCDA03004778F5 /* PostcardTests.xctest */,
			);
			name = Products;
			sourceTree = "<group>";
		};
		EE7DD38819CCDA03004778F5 /* Postcard */ = {
			isa = PBXGroup;
			children = (
				EE7DD38B19CCDA03004778F5 /* AppDelegate.swift */,
				EE7DD38D19CCDA03004778F5 /* ViewController.swift */,
				EE7DD38F19CCDA03004778F5 /* Main.storyboard */,
				EE7DD39219CCDA03004778F5 /* Images.xcassets */,
				EE7DD39419CCDA03004778F5 /* LaunchScreen.xib */,
				EE7DD38919CCDA03004778F5 /* Supporting Files */,
			);
			path = Postcard;
			sourceTree = "<group>";
		};
		EE7DD38919CCDA03004778F5 /* Supporting Files */ = {
			isa = PBXGroup;
			children = (
				EE7DD38A19CCDA03004778F5 /* Info.plist */,
			);
			name = "Supporting Files";
			sourceTree = "<group>";
		};
		EE7DD39E19CCDA04004778F5 /* PostcardTests */ = {
			isa = PBXGroup;
			children = (
				EE7DD3A119CCDA04004778F5 /* PostcardTests.swift */,
				EE7DD39F19CCDA04004778F5 /* Supporting Files */,
			);
			path = PostcardTests;
			sourceTree = "<group>";
		};
		EE7DD39F19CCDA04004778F5 /* Supporting Files */ = {
			isa = PBXGroup;
			children = (
				EE7DD3A019CCDA04004778F5 /* Info.plist */,
			);
			name = "Supporting Files";
			sourceTree = "<group>";
		};
/* End PBXGroup section */

/* Begin PBXNativeTarget section */
		EE7DD38519CCDA03004778F5 /* Postcard */ = {
			isa = PBXNativeTarget;
			buildConfigurationList = EE7DD3A519CCDA04004778F5 /* Build configuration list for PBXNativeTarget "Postcard" */;
			buildPhases = (
				EE7DD38219CCDA03004778F5 /* Sources */,
				EE7DD38319CCDA03004778F5 /* Frameworks */,
				EE7DD38419CCDA03004778F5 /* Resources */,
			);
			buildRules = (
			);
			dependencies = (
			);
			name = Postcard;
			productName = Postcard;
			productReference = EE7DD38619CCDA03004778F5 /* Postcard.app */;
			productType = "com.apple.product-type.application";
		};
		EE7DD39A19CCDA03004778F5 /* PostcardTests */ = {
			isa = PBXNativeTarget;
			buildConfigurationList = EE7DD3A819CCDA04004778F5 /* Build configuration list for PBXNativeTarget "PostcardTests" */;
			buildPhases = (
				EE7DD39719CCDA03004778F5 /* Sources */,
				EE7DD39819CCDA03004778F5 /* Frameworks */,
				EE7DD39919CCDA03004778F5 /* Resources */,
			);
			buildRules = (
			);
			dependencies = (
				EE7DD39D19CCDA04004778F5 /* PBXTargetDependency */,
			);
			name = PostcardTests;
			productName = PostcardTests;
			productReference = EE7DD39B19CCDA03004778F5 /* PostcardTests.xctest */;
			productType = "com.apple.product-type.bundle.unit-test";
		};
/* End PBXNativeTarget section */

/* Begin PBXProject section */
		EE7DD37E19CCDA03004778F5 /* Project object */ = {
			isa = PBXProject;
			attributes = {
				LastUpgradeCheck = 0600;
				ORGANIZATIONNAME = "Sean Hill";
				TargetAttributes = {
					EE7DD38519CCDA03004778F5 = {
						CreatedOnToolsVersion = 6.0.1;
					};
					EE7DD39A19CCDA03004778F5 = {
						CreatedOnToolsVersion = 6.0.1;
						TestTargetID = EE7DD38519CCDA03004778F5;
					};
				};
			};
			buildConfigurationList = EE7DD38119CCDA03004778F5 /* Build configuration list for PBXProject "Postcard" */;
			compatibilityVersion = "Xcode 3.2";
			developmentRegion = English;
			hasScannedForEncodings = 0;
			knownRegions = (
				en,
				Base,
			);
			mainGroup = EE7DD37D19CCDA03004778F5;
			productRefGroup = EE7DD38719CCDA03004778F5 /* Products */;
			projectDirPath = "";
			projectRoot = "";
			targets = (
				EE7DD38519CCDA03004778F5 /* Postcard */,
				EE7DD39A19CCDA03004778F5 /* PostcardTests */,
			);
		};
/* End PBXProject section */

/* Begin PBXResourcesBuildPhase section */
		EE7DD38419CCDA03004778F5 /* Resources */ = {
			isa = PBXResourcesBuildPhase;
			buildActionMask = 2147483647;
			files = (
				EE7DD39119CCDA03004778F5 /* Main.storyboard in Resources */,
				EE7DD39619CCDA03004778F5 /* LaunchScreen.xib in Resources */,
				EE7DD39319CCDA03004778F5 /* Images.xcassets in Resources */,
			);
			runOnlyForDeploymentPostprocessing = 0;
		};
		EE7DD39919CCDA03004778F5 /* Resources */ = {
			isa = PBXResourcesBuildPhase;
			buildActionMask = 2147483647;
			files = (
			);
			runOnlyForDeploymentPostprocessing = 0;
		};
/* End PBXResourcesBuildPhase section */

/* Begin PBXSourcesBuildPhase section */
		EE7DD38219CCDA03004778F5 /* Sources */ = {
			isa = PBXSourcesBuildPhase;
			buildActionMask = 2147483647;
			files = (
				EE7DD38E19CCDA03004778F5 /* ViewController.swift in Sources */,
				EE7DD38C19CCDA03004778F5 /* AppDelegate.swift in Sources */,
			);
			runOnlyForDeploymentPostprocessing = 0;
		};
		EE7DD39719CCDA03004778F5 /* Sources */ = {
			isa = PBXSourcesBuildPhase;
			buildActionMask = 2147483647;
			files = (
				EE7DD3A219CCDA04004778F5 /* PostcardTests.swift in Sources */,
			);
			runOnlyForDeploymentPostprocessing = 0;
		};
/* End PBXSourcesBuildPhase section */

/* Begin PBXTargetDependency section */
		EE7DD39D19CCDA04004778F5 /* PBXTargetDependency */ = {
			isa = PBXTargetDependency;
			target = EE7DD38519CCDA03004778F5 /* Postcard */;
			targetProxy = EE7DD39C19CCDA04004778F5 /* PBXContainerItemProxy */;
		};
/* End PBXTargetDependency section */

/* Begin PBXVariantGroup section */
		EE7DD38F19CCDA03004778F5 /* Main.storyboard */ = {
			isa = PBXVariantGroup;
			children = (
				EE7DD39019CCDA03004778F5 /* Base */,
			);
			name = Main.storyboard;
			sourceTree = "<group>";
		};
		EE7DD39419CCDA03004778F5 /* LaunchScreen.xib */ = {
			isa = PBXVariantGroup;
			children = (
				EE7DD39519CCDA03004778F5 /* Base */,
			);
			name = LaunchScreen.xib;
			sourceTree = "<group>";
		};
/* End PBXVariantGroup section */

/* Begin XCBuildConfiguration section */
		EE7DD3A319CCDA04004778F5 /* Debug */ = {
			isa = XCBuildConfiguration;
			buildSettings = {
				ALWAYS_SEARCH_USER_PATHS = NO;
				CLANG_CXX_LANGUAGE_STANDARD = "gnu++0x";
				CLANG_CXX_LIBRARY = "libc++";
				CLANG_ENABLE_MODULES = YES;
				CLANG_ENABLE_OBJC_ARC = YES;
				CLANG_WARN_BOOL_CONVERSION = YES;
				CLANG_WARN_CONSTANT_CONVERSION = YES;
				CLANG_WARN_DIRECT_OBJC_ISA_USAGE = YES_ERROR;
				CLANG_WARN_EMPTY_BODY = YES;
				CLANG_WARN_ENUM_CONVERSION = YES;
				CLANG_WARN_INT_CONVERSION = YES;
				CLANG_WARN_OBJC_ROOT_CLASS = YES_ERROR;
				CLANG_WARN_UNREACHABLE_CODE = YES;
				CLANG_WARN__DUPLICATE_METHOD_MATCH = YES;
				"CODE_SIGN_IDENTITY[sdk=iphoneos*]" = "iPhone Developer";
				COPY_PHASE_STRIP = NO;
				ENABLE_STRICT_OBJC_MSGSEND = YES;
				GCC_C_LANGUAGE_STANDARD = gnu99;
				GCC_DYNAMIC_NO_PIC = NO;
				GCC_OPTIMIZATION_LEVEL = 0;
				GCC_PREPROCESSOR_DEFINITIONS = (
					"DEBUG=1",
					"$(inherited)",
				);
				GCC_SYMBOLS_PRIVATE_EXTERN = NO;
				GCC_WARN_64_TO_32_BIT_CONVERSION = YES;
				GCC_WARN_ABOUT_RETURN_TYPE = YES_ERROR;
				GCC_WARN_UNDECLARED_SELECTOR = YES;
				GCC_WARN_UNINITIALIZED_AUTOS = YES_AGGRESSIVE;
				GCC_WARN_UNUSED_FUNCTION = YES;
				GCC_WARN_UNUSED_VARIABLE = YES;
				IPHONEOS_DEPLOYMENT_TARGET = 8.0;
				MTL_ENABLE_DEBUG_INFO = YES;
				ONLY_ACTIVE_ARCH = YES;
				SDKROOT = iphoneos;
				SWIFT_OPTIMIZATION_LEVEL = "-Onone";
			};
			name = Debug;
		};
		EE7DD3A419CCDA04004778F5 /* Release */ = {
			isa = XCBuildConfiguration;
			buildSettings = {
				ALWAYS_SEARCH_USER_PATHS = NO;
				CLANG_CXX_LANGUAGE_STANDARD = "gnu++0x";
				CLANG_CXX_LIBRARY = "libc++";
				CLANG_ENABLE_MODULES = YES;
				CLANG_ENABLE_OBJC_ARC = YES;
				CLANG_WARN_BOOL_CONVERSION = YES;
				CLANG_WARN_CONSTANT_CONVERSION = YES;
				CLANG_WARN_DIRECT_OBJC_ISA_USAGE = YES_ERROR;
				CLANG_WARN_EMPTY_BODY = YES;
				CLANG_WARN_ENUM_CONVERSION = YES;
				CLANG_WARN_INT_CONVERSION = YES;
				CLANG_WARN_OBJC_ROOT_CLASS = YES_ERROR;
				CLANG_WARN_UNREACHABLE_CODE = YES;
				CLANG_WARN__DUPLICATE_METHOD_MATCH = YES;
				"CODE_SIGN_IDENTITY[sdk=iphoneos*]" = "iPhone Developer";
				COPY_PHASE_STRIP = YES;
				ENABLE_NS_ASSERTIONS = NO;
				ENABLE_STRICT_OBJC_MSGSEND = YES;
				GCC_C_LANGUAGE_STANDARD = gnu99;
				GCC_WARN_64_TO_32_BIT_CONVERSION = YES;
				GCC_WARN_ABOUT_RETURN_TYPE = YES_ERROR;
				GCC_WARN_UNDECLARED_SELECTOR = YES;
				GCC_WARN_UNINITIALIZED_AUTOS = YES_AGGRESSIVE;
				GCC_WARN_UNUSED_FUNCTION = YES;
				GCC_WARN_UNUSED_VARIABLE = YES;
				IPHONEOS_DEPLOYMENT_TARGET = 8.0;
				MTL_ENABLE_DEBUG_INFO = NO;
				SDKROOT = iphoneos;
				VALIDATE_PRODUCT = YES;
			};
			name = Release;
		};
		EE7DD3A619CCDA04004778F5 /* Debug */ = {
			isa = XCBuildConfiguration;
			buildSettings = {
				ASSETCATALOG_COMPILER_APPICON_NAME = AppIcon;
				INFOPLIST_FILE = Postcard/Info.plist;
				LD_RUNPATH_SEARCH_PATHS = "$(inherited) @executable_path/Frameworks";
				PRODUCT_NAME = "$(TARGET_NAME)";
			};
			name = Debug;
		};
		EE7DD3A719CCDA04004778F5 /* Release */ = {
			isa = XCBuildConfiguration;
			buildSettings = {
				ASSETCATALOG_COMPILER_APPICON_NAME = AppIcon;
				INFOPLIST_FILE = Postcard/Info.plist;
				LD_RUNPATH_SEARCH_PATHS = "$(inherited) @executable_path/Frameworks";
				PRODUCT_NAME = "$(TARGET_NAME)";
			};
			name = Release;
		};
		EE7DD3A919CCDA04004778F5 /* Debug */ = {
			isa = XCBuildConfiguration;
			buildSettings = {
				BUNDLE_LOADER = "$(TEST_HOST)";
				FRAMEWORK_SEARCH_PATHS = (
					"$(SDKROOT)/Developer/Library/Frameworks",
					"$(inherited)",
				);
				GCC_PREPROCESSOR_DEFINITIONS = (
					"DEBUG=1",
					"$(inherited)",
				);
				INFOPLIST_FILE = PostcardTests/Info.plist;
				LD_RUNPATH_SEARCH_PATHS = "$(inherited) @executable_path/Frameworks @loader_path/Frameworks";
				PRODUCT_NAME = "$(TARGET_NAME)";
				TEST_HOST = "$(BUILT_PRODUCTS_DIR)/Postcard.app/Postcard";
			};
			name = Debug;
		};
		EE7DD3AA19CCDA04004778F5 /* Release */ = {
			isa = XCBuildConfiguration;
			buildSettings = {
				BUNDLE_LOADER = "$(TEST_HOST)";
				FRAMEWORK_SEARCH_PATHS = (
					"$(SDKROOT)/Developer/Library/Frameworks",
					"$(inherited)",
				);
				INFOPLIST_FILE = PostcardTests/Info.plist;
				LD_RUNPATH_SEARCH_PATHS = "$(inherited) @executable_path/Frameworks @loader_path/Frameworks";
				PRODUCT_NAME = "$(TARGET_NAME)";
				TEST_HOST = "$(BUILT_PRODUCTS_DIR)/Postcard.app/Postcard";
			};
			name = Release;
		};
/* End XCBuildConfiguration section */

/* Begin XCConfigurationList section */
		EE7DD38119CCDA03004778F5 /* Build configuration list for PBXProject "Postcard" */ = {
			isa = XCConfigurationList;
			buildConfigurations = (
				EE7DD3A319CCDA04004778F5 /* Debug */,
				EE7DD3A419CCDA04004778F5 /* Release */,
			);
			defaultConfigurationIsVisible = 0;
			defaultConfigurationName = Release;
		};
		EE7DD3A519CCDA04004778F5 /* Build configuration list for PBXNativeTarget "Postcard" */ = {
			isa = XCConfigurationList;
			buildConfigurations = (
				EE7DD3A619CCDA04004778F5 /* Debug */,
				EE7DD3A719CCDA04004778F5 /* Release */,
			);
			defaultConfigurationIsVisible = 0;
		};
		EE7DD3A819CCDA04004778F5 /* Build configuration list for PBXNativeTarget "PostcardTests" */ = {
			isa = XCConfigurationList;
			buildConfigurations = (
				EE7DD3A919CCDA04004778F5 /* Debug */,
				EE7DD3AA19CCDA04004778F5 /* Release */,
			);
			defaultConfigurationIsVisible = 0;
		};
/* End XCConfigurationList section */
	};
	rootObject = EE7DD37E19CCDA03004778F5 /* Project object */;
}
